{
  "name": "scontract",
  "version": "1.0.0",
  "lockfileVersion": 3,
  "requires": true,
  "packages": {
    "": {
      "name": "scontract",
      "version": "1.0.0",
      "license": "ISC",
      "dependencies": {
        "@openzeppelin/contracts": "^5.1.0",
        "zeppelin-solidity": "^1.8.0"
      }
    },
    "node_modules/@openzeppelin/contracts": {
      "version": "5.1.0",
      "resolved": "https://registry.npmjs.org/@openzeppelin/contracts/-/contracts-5.1.0.tgz",
      "integrity": "sha512-p1ULhl7BXzjjbha5aqst+QMLY+4/LCWADXOCsmLHRM77AqiPjnd9vvUN9sosUfhL9JGKpZ0TjEGxgvnizmWGSA==",
      "license": "MIT"
    },
    "node_modules/bn.js": {
      "version": "4.11.6",
      "resolved": "https://registry.npmjs.org/bn.js/-/bn.js-4.11.6.tgz",
      "integrity": "sha512-XWwnNNFCuuSQ0m3r3C4LE3EiORltHd9M05pq6FOlVeiophzRbMo50Sbz1ehl8K3Z+jw9+vmgnXefY1hz8X+2wA==",
      "license": "MIT"
    },
    "node_modules/dotenv": {
      "version": "4.0.0",
      "resolved": "https://registry.npmjs.org/dotenv/-/dotenv-4.0.0.tgz",
      "integrity": "sha512-XcaMACOr3JMVcEv0Y/iUM2XaOsATRZ3U1In41/1jjK6vJZ2PZbQ1bzCG8uvaByfaBpl9gqc9QWJovpUGBXLLYQ==",
      "license": "BSD-2-Clause",
      "engines": {
        "node": ">=4.6.0"
      }
    },
    "node_modules/ethjs-abi": {
      "version": "0.2.1",
      "resolved": "https://registry.npmjs.org/ethjs-abi/-/ethjs-abi-0.2.1.tgz",
      "integrity": "sha512-g2AULSDYI6nEJyJaEVEXtTimRY2aPC2fi7ddSy0W+LXvEVL8Fe1y76o43ecbgdUKwZD+xsmEgX1yJr1Ia3r1IA==",
      "license": "MIT",
      "dependencies": {
        "bn.js": "4.11.6",
        "js-sha3": "0.5.5",
        "number-to-bn": "1.7.0"
      },
      "engines": {
        "node": ">=6.5.0",
        "npm": ">=3"
      }
    },
    "node_modules/is-hex-prefixed": {
      "version": "1.0.0",
      "resolved": "https://registry.npmjs.org/is-hex-prefixed/-/is-hex-prefixed-1.0.0.tgz",
      "integrity": "sha512-WvtOiug1VFrE9v1Cydwm+FnXd3+w9GaeVUss5W4v/SLy3UW00vP+6iNF2SdnfiBoLy4bTqVdkftNGTUeOFVsbA==",
      "license": "MIT",
      "engines": {
        "node": ">=6.5.0",
        "npm": ">=3"
      }
    },
    "node_modules/js-sha3": {
      "version": "0.5.5",
      "resolved": "https://registry.npmjs.org/js-sha3/-/js-sha3-0.5.5.tgz",
      "integrity": "sha512-yLLwn44IVeunwjpDVTDZmQeVbB0h+dZpY2eO68B/Zik8hu6dH+rKeLxwua79GGIvW6xr8NBAcrtiUbYrTjEFTA==",
      "license": "MIT"
    },
    "node_modules/number-to-bn": {
      "version": "1.7.0",
      "resolved": "https://registry.npmjs.org/number-to-bn/-/number-to-bn-1.7.0.tgz",
      "integrity": "sha512-wsJ9gfSz1/s4ZsJN01lyonwuxA1tml6X1yBDnfpMglypcBRFZZkus26EdPSlqS5GJfYddVZa22p3VNb3z5m5Ig==",
      "license": "MIT",
      "dependencies": {
        "bn.js": "4.11.6",
        "strip-hex-prefix": "1.0.0"
      },
      "engines": {
        "node": ">=6.5.0",
        "npm": ">=3"
      }
    },
    "node_modules/strip-hex-prefix": {
      "version": "1.0.0",
      "resolved": "https://registry.npmjs.org/strip-hex-prefix/-/strip-hex-prefix-1.0.0.tgz",
      "integrity": "sha512-q8d4ue7JGEiVcypji1bALTos+0pWtyGlivAWyPuTkHzuTCJqrK9sWxYQZUq6Nq3cuyv3bm734IhHvHtGGURU6A==",
      "license": "MIT",
      "dependencies": {
        "is-hex-prefixed": "1.0.0"
      },
      "engines": {
        "node": ">=6.5.0",
        "npm": ">=3"
      }
    },
    "node_modules/zeppelin-solidity": {
      "version": "1.8.0",
      "resolved": "https://registry.npmjs.org/zeppelin-solidity/-/zeppelin-solidity-1.8.0.tgz",
      "integrity": "sha512-7Mxq6Y7EES0PSLrRF6v0EVYqBVRRo8hFrr7m3jEs69VbbQ5kpANzizeEdbP1/PWKSOmBOg208qP2vSA0FlzFLA==",
      "license": "MIT",
      "dependencies": {
        "dotenv": "^4.0.0",
        "ethjs-abi": "^0.2.1"
      }
    }
  }
}
